PODS:
  - AppAuth (1.7.5):
    - AppAuth/Core (= 1.7.5)
    - AppAuth/ExternalUserAgent (= 1.7.5)
  - AppAuth/Core (1.7.5)
  - AppAuth/ExternalUserAgent (1.7.5):
    - AppAuth/Core
  - device_info_plus (0.0.1):
    - Flutter
  - Flutter (1.0.0)
  - flutter_naver_login (0.0.1):
    - Flutter
    - naveridlogin-sdk-ios (~> 4.1.0)
  - google_maps_flutter_ios (0.0.1):
    - Flutter
    - GoogleMaps (< 10.0, >= 8.4)
  - google_sign_in_ios (0.0.1):
    - AppAuth (>= 1.7.4)
    - Flutter
    - FlutterMacOS
    - GoogleSignIn (~> 7.1)
    - GTMSessionFetcher (>= 3.4.0)
  - GoogleMaps (8.4.0):
    - GoogleMaps/Maps (= 8.4.0)
  - GoogleMaps/Base (8.4.0)
  - GoogleMaps/Maps (8.4.0):
    - GoogleMaps/Base
  - GoogleSignIn (7.1.0):
    - AppAuth (< 2.0, >= 1.7.3)
    - GTMAppAuth (< 5.0, >= 4.1.1)
    - GTMSessionFetcher/Core (~> 3.3)
  - GTMAppAuth (4.1.1):
    - AppAuth/Core (~> 1.7)
    - GTMSessionFetcher/Core (< 4.0, >= 3.3)
  - GTMSessionFetcher (3.4.1):
    - GTMSessionFetcher/Full (= 3.4.1)
  - GTMSessionFetcher/Core (3.4.1)
  - GTMSessionFetcher/Full (3.4.1):
    - GTMSessionFetcher/Core
  - home_widget (0.0.1):
    - Flutter
  - integration_test (0.0.1):
    - Flutter
  - kakao_flutter_sdk_common (1.9.2):
    - Flutter
  - local_auth_darwin (0.0.1):
    - Flutter
  - naveridlogin-sdk-ios (4.1.6)
  - path_provider_foundation (0.0.1):
    - Flutter
    - FlutterMacOS
  - shared_preferences_foundation (0.0.1):
    - Flutter
    - FlutterMacOS
  - sign_in_with_apple (0.0.1):
    - Flutter
  - speech_to_text (0.0.1):
    - Flutter
    - Try
  - Try (2.1.1)

DEPENDENCIES:
  - device_info_plus (from `.symlinks/plugins/device_info_plus/ios`)
  - Flutter (from `Flutter`)
  - flutter_naver_login (from `.symlinks/plugins/flutter_naver_login/ios`)
  - google_maps_flutter_ios (from `.symlinks/plugins/google_maps_flutter_ios/ios`)
  - google_sign_in_ios (from `.symlinks/plugins/google_sign_in_ios/darwin`)
  - home_widget (from `.symlinks/plugins/home_widget/ios`)
  - integration_test (from `.symlinks/plugins/integration_test/ios`)
  - kakao_flutter_sdk_common (from `.symlinks/plugins/kakao_flutter_sdk_common/ios`)
  - local_auth_darwin (from `.symlinks/plugins/local_auth_darwin/darwin`)
  - path_provider_foundation (from `.symlinks/plugins/path_provider_foundation/darwin`)
  - shared_preferences_foundation (from `.symlinks/plugins/shared_preferences_foundation/darwin`)
  - sign_in_with_apple (from `.symlinks/plugins/sign_in_with_apple/ios`)
  - speech_to_text (from `.symlinks/plugins/speech_to_text/ios`)

SPEC REPOS:
  trunk:
    - AppAuth
    - GoogleMaps
    - GoogleSignIn
    - GTMAppAuth
    - GTMSessionFetcher
    - naveridlogin-sdk-ios
    - Try

EXTERNAL SOURCES:
  device_info_plus:
    :path: ".symlinks/plugins/device_info_plus/ios"
  Flutter:
    :path: Flutter
  flutter_naver_login:
    :path: ".symlinks/plugins/flutter_naver_login/ios"
  google_maps_flutter_ios:
    :path: ".symlinks/plugins/google_maps_flutter_ios/ios"
  google_sign_in_ios:
    :path: ".symlinks/plugins/google_sign_in_ios/darwin"
  home_widget:
    :path: ".symlinks/plugins/home_widget/ios"
  integration_test:
    :path: ".symlinks/plugins/integration_test/ios"
  kakao_flutter_sdk_common:
    :path: ".symlinks/plugins/kakao_flutter_sdk_common/ios"
  local_auth_darwin:
    :path: ".symlinks/plugins/local_auth_darwin/darwin"
  path_provider_foundation:
    :path: ".symlinks/plugins/path_provider_foundation/darwin"
  shared_preferences_foundation:
    :path: ".symlinks/plugins/shared_preferences_foundation/darwin"
  sign_in_with_apple:
    :path: ".symlinks/plugins/sign_in_with_apple/ios"
  speech_to_text:
    :path: ".symlinks/plugins/speech_to_text/ios"

SPEC CHECKSUMS:
  AppAuth: 501c04eda8a8d11f179dbe8637b7a91bb7e5d2fa
  device_info_plus: 97af1d7e84681a90d0693e63169a5d50e0839a0d
  Flutter: e0871f40cf51350855a761d2e70bf5af5b9b5de7
  flutter_naver_login: 1dbf6d21aae5235cdf76a28ac79cf6871899282f
  google_maps_flutter_ios: 5bc2be60ad012e79b182ce0fb0ef5030a50fb03e
  google_sign_in_ios: 07375bfbf2620bc93a602c0e27160d6afc6ead38
  GoogleMaps: 8939898920281c649150e0af74aa291c60f2e77d
  GoogleSignIn: d4281ab6cf21542b1cfaff85c191f230b399d2db
  GTMAppAuth: f69bd07d68cd3b766125f7e072c45d7340dea0de
  GTMSessionFetcher: 8000756fc1c19d2e5697b90311f7832d2e33f6cd
  home_widget: 0434835a4c9a75704264feff6be17ea40e0f0d57
  integration_test: ce0a3ffa1de96d1a89ca0ac26fca7ea18a749ef4
  kakao_flutter_sdk_common: 049c9341e325da17ac75751a35646dbbcfa06891
  local_auth_darwin: 4d56c90c2683319835a61274b57620df9c4520ab
  naveridlogin-sdk-ios: cdd34e3585a3d5aaf37c1d84c1f41faba4a25d1a
  path_provider_foundation: 2b6b4c569c0fb62ec74538f866245ac84301af46
  shared_preferences_foundation: b4c3b4cddf1c21f02770737f147a3f5da9d39695
  sign_in_with_apple: f3bf75217ea4c2c8b91823f225d70230119b8440
  speech_to_text: b43a7d99aef037bd758ed8e45d79bbac035d2dfe
  Try: 5ef669ae832617b3cee58cb2c6f99fb767a4ff96

PODFILE CHECKSUM: 1959d098c91d8a792531a723c4a9d7e9f6a01e38

COCOAPODS: 1.15.2
